
Microsoft Visual Studio Solution File, Format Version 12.00
# Visual Studio Version 16
VisualStudioVersion = 16.0.33130.400
MinimumVisualStudioVersion = 10.0.40219.1
Project("{9A19103F-16F7-4668-BE54-9A1E7A4F7556}") = "Identiqui.AI.Yolov7net", "src\Yolov7net\Identiqui.AI.Yolov7net.csproj", "{7864954C-DB16-4C4F-9DEA-6C8BBF3F1163}"
EndProject
Project("{9A19103F-16F7-4668-BE54-9A1E7A4F7556}") = "WinFormsAppYoloV7", "WinFormsAppYoloV7\WinFormsAppYoloV7.csproj", "{6BD3EC31-9F7D-460C-8BE4-FBE2B117CE0A}"
EndProject
Global
	GlobalSection(SolutionConfigurationPlatforms) = preSolution
		Debug|Any CPU = Debug|Any CPU
		Debug|x64 = Debug|x64
		Release|Any CPU = Release|Any CPU
		Release|x64 = Release|x64
	EndGlobalSection
	GlobalSection(ProjectConfigurationPlatforms) = postSolution
		{7864954C-DB16-4C4F-9DEA-6C8BBF3F1163}.Debug|Any CPU.ActiveCfg = Debug|Any CPU
		{7864954C-DB16-4C4F-9DEA-6C8BBF3F1163}.Debug|Any CPU.Build.0 = Debug|Any CPU
		{7864954C-DB16-4C4F-9DEA-6C8BBF3F1163}.Debug|x64.ActiveCfg = Debug|x64
		{7864954C-DB16-4C4F-9DEA-6C8BBF3F1163}.Debug|x64.Build.0 = Debug|x64
		{7864954C-DB16-4C4F-9DEA-6C8BBF3F1163}.Release|Any CPU.ActiveCfg = Release|Any CPU
		{7864954C-DB16-4C4F-9DEA-6C8BBF3F1163}.Release|Any CPU.Build.0 = Release|Any CPU
		{7864954C-DB16-4C4F-9DEA-6C8BBF3F1163}.Release|x64.ActiveCfg = Release|x64
		{7864954C-DB16-4C4F-9DEA-6C8BBF3F1163}.Release|x64.Build.0 = Release|x64
		{6BD3EC31-9F7D-460C-8BE4-FBE2B117CE0A}.Debug|Any CPU.ActiveCfg = Debug|Any CPU
		{6BD3EC31-9F7D-460C-8BE4-FBE2B117CE0A}.Debug|Any CPU.Build.0 = Debug|Any CPU
		{6BD3EC31-9F7D-460C-8BE4-FBE2B117CE0A}.Debug|x64.ActiveCfg = Debug|x64
		{6BD3EC31-9F7D-460C-8BE4-FBE2B117CE0A}.Debug|x64.Build.0 = Debug|x64
		{6BD3EC31-9F7D-460C-8BE4-FBE2B117CE0A}.Release|Any CPU.ActiveCfg = Release|Any CPU
		{6BD3EC31-9F7D-460C-8BE4-FBE2B117CE0A}.Release|Any CPU.Build.0 = Release|Any CPU
		{6BD3EC31-9F7D-460C-8BE4-FBE2B117CE0A}.Release|x64.ActiveCfg = Release|x64
		{6BD3EC31-9F7D-460C-8BE4-FBE2B117CE0A}.Release|x64.Build.0 = Release|x64
	EndGlobalSection
	GlobalSection(SolutionProperties) = preSolution
		HideSolutionNode = FALSE
	EndGlobalSection
	GlobalSection(ExtensibilityGlobals) = postSolution
		SolutionGuid = {E2819BD4-F465-4B50-ABD5-4CA91DCCD8E8}
	EndGlobalSection
EndGlobal
